
Microsoft Visual Studio Solution File, Format Version 12.00
# Visual Studio Version 16
VisualStudioVersion = 16.0.29613.14
MinimumVisualStudioVersion = 10.0.40219.1
Project("{FAE04EC0-301F-11D3-BF4B-00C04F79EFBC}") = "CroudSeek.API", "CroudSeek.API\CroudSeek.API.csproj", "{500840A9-F725-4888-ADC2-77E7E08461C3}"
EndProject
Project("{9A19103F-16F7-4668-BE54-9A1E7A4F7556}") = "CourseLibrary.API", "CourseLibrary.API\CourseLibrary.API.csproj", "{4ADE7017-F950-4C86-9436-D7D1172B0A20}"
EndProject
Global
	GlobalSection(SolutionConfigurationPlatforms) = preSolution
		Debug|Any CPU = Debug|Any CPU
		Release|Any CPU = Release|Any CPU
	EndGlobalSection
	GlobalSection(ProjectConfigurationPlatforms) = postSolution
		{500840A9-F725-4888-ADC2-77E7E08461C3}.Debug|Any CPU.ActiveCfg = Debug|Any CPU
		{500840A9-F725-4888-ADC2-77E7E08461C3}.Debug|Any CPU.Build.0 = Debug|Any CPU
		{500840A9-F725-4888-ADC2-77E7E08461C3}.Release|Any CPU.ActiveCfg = Release|Any CPU
		{500840A9-F725-4888-ADC2-77E7E08461C3}.Release|Any CPU.Build.0 = Release|Any CPU
		{4ADE7017-F950-4C86-9436-D7D1172B0A20}.Debug|Any CPU.ActiveCfg = Debug|Any CPU
		{4ADE7017-F950-4C86-9436-D7D1172B0A20}.Debug|Any CPU.Build.0 = Debug|Any CPU
		{4ADE7017-F950-4C86-9436-D7D1172B0A20}.Release|Any CPU.ActiveCfg = Release|Any CPU
		{4ADE7017-F950-4C86-9436-D7D1172B0A20}.Release|Any CPU.Build.0 = Release|Any CPU
	EndGlobalSection
	GlobalSection(SolutionProperties) = preSolution
		HideSolutionNode = FALSE
	EndGlobalSection
	GlobalSection(ExtensibilityGlobals) = postSolution
		SolutionGuid = {81A7E678-7745-4B2C-9B1C-93A67361F9E5}
	EndGlobalSection
EndGlobal
