
Microsoft Visual Studio Solution File, Format Version 12.00
# Visual Studio Version 16
VisualStudioVersion = 16.0.29613.14
MinimumVisualStudioVersion = 10.0.40219.1
Project("{9A19103F-16F7-4668-BE54-9A1E7A4F7556}") = "CroudSeek.API", "CroudSeek.API\CroudSeek.API.csproj", "{500840A9-F725-4888-ADC2-77E7E08461C3}"
EndProject
Project("{FAE04EC0-301F-11D3-BF4B-00C04F79EFBC}") = "CroudSeek,API.Tests", "CroudSeek,API.Tests\CroudSeek,API.Tests.csproj", "{DCB5B06D-6E8D-44A3-9AF2-08F1200EF568}"
EndProject
Project("{9A19103F-16F7-4668-BE54-9A1E7A4F7556}") = "CroudSeek.Shared", "CroudSeek.Shared\CroudSeek.Shared.csproj", "{3E6814CB-3288-40D6-94C1-BA672B06BC02}"
EndProject
Project("{9A19103F-16F7-4668-BE54-9A1E7A4F7556}") = "CroudSeek.Client", "CroudSeek.Client\CroudSeek.Client.csproj", "{814DB43D-3FDE-4836-81B0-DD4FFAF0BEF0}"
EndProject
Project("{9A19103F-16F7-4668-BE54-9A1E7A4F7556}") = "SoftDrive.IDP", "SoftDrive.IDP\SoftDrive.IDP.csproj", "{0851C2AE-69E6-4453-B4B0-0F285D9F81DB}"
EndProject
Project("{9A19103F-16F7-4668-BE54-9A1E7A4F7556}") = "ComponentsLibrary", "ComponentsLibrary\ComponentsLibrary.csproj", "{B275F020-6221-4FA1-B688-39CEAB81181C}"
EndProject
Project("{9A19103F-16F7-4668-BE54-9A1E7A4F7556}") = "CroudSeek.Identity", "CroudSeek.Identity\CroudSeek.Identity.csproj", "{90C2430B-0391-4BF0-85C5-E33A752BF871}"
EndProject
Project("{9A19103F-16F7-4668-BE54-9A1E7A4F7556}") = "CroudSeek.Application", "CroudSeek.Application\CroudSeek.Application.csproj", "{2CB1C15B-9852-49DF-A30A-1DB1F9C62A2F}"
EndProject
Global
	GlobalSection(SolutionConfigurationPlatforms) = preSolution
		Debug|Any CPU = Debug|Any CPU
		Debug|x64 = Debug|x64
		Debug|x86 = Debug|x86
		Release|Any CPU = Release|Any CPU
		Release|x64 = Release|x64
		Release|x86 = Release|x86
	EndGlobalSection
	GlobalSection(ProjectConfigurationPlatforms) = postSolution
		{500840A9-F725-4888-ADC2-77E7E08461C3}.Debug|Any CPU.ActiveCfg = Debug|Any CPU
		{500840A9-F725-4888-ADC2-77E7E08461C3}.Debug|Any CPU.Build.0 = Debug|Any CPU
		{500840A9-F725-4888-ADC2-77E7E08461C3}.Debug|x64.ActiveCfg = Debug|Any CPU
		{500840A9-F725-4888-ADC2-77E7E08461C3}.Debug|x64.Build.0 = Debug|Any CPU
		{500840A9-F725-4888-ADC2-77E7E08461C3}.Debug|x86.ActiveCfg = Debug|Any CPU
		{500840A9-F725-4888-ADC2-77E7E08461C3}.Debug|x86.Build.0 = Debug|Any CPU
		{500840A9-F725-4888-ADC2-77E7E08461C3}.Release|Any CPU.ActiveCfg = Release|Any CPU
		{500840A9-F725-4888-ADC2-77E7E08461C3}.Release|Any CPU.Build.0 = Release|Any CPU
		{500840A9-F725-4888-ADC2-77E7E08461C3}.Release|x64.ActiveCfg = Release|Any CPU
		{500840A9-F725-4888-ADC2-77E7E08461C3}.Release|x64.Build.0 = Release|Any CPU
		{500840A9-F725-4888-ADC2-77E7E08461C3}.Release|x86.ActiveCfg = Release|Any CPU
		{500840A9-F725-4888-ADC2-77E7E08461C3}.Release|x86.Build.0 = Release|Any CPU
		{DCB5B06D-6E8D-44A3-9AF2-08F1200EF568}.Debug|Any CPU.ActiveCfg = Debug|Any CPU
		{DCB5B06D-6E8D-44A3-9AF2-08F1200EF568}.Debug|Any CPU.Build.0 = Debug|Any CPU
		{DCB5B06D-6E8D-44A3-9AF2-08F1200EF568}.Debug|x64.ActiveCfg = Debug|Any CPU
		{DCB5B06D-6E8D-44A3-9AF2-08F1200EF568}.Debug|x64.Build.0 = Debug|Any CPU
		{DCB5B06D-6E8D-44A3-9AF2-08F1200EF568}.Debug|x86.ActiveCfg = Debug|Any CPU
		{DCB5B06D-6E8D-44A3-9AF2-08F1200EF568}.Debug|x86.Build.0 = Debug|Any CPU
		{DCB5B06D-6E8D-44A3-9AF2-08F1200EF568}.Release|Any CPU.ActiveCfg = Release|Any CPU
		{DCB5B06D-6E8D-44A3-9AF2-08F1200EF568}.Release|Any CPU.Build.0 = Release|Any CPU
		{DCB5B06D-6E8D-44A3-9AF2-08F1200EF568}.Release|x64.ActiveCfg = Release|Any CPU
		{DCB5B06D-6E8D-44A3-9AF2-08F1200EF568}.Release|x64.Build.0 = Release|Any CPU
		{DCB5B06D-6E8D-44A3-9AF2-08F1200EF568}.Release|x86.ActiveCfg = Release|Any CPU
		{DCB5B06D-6E8D-44A3-9AF2-08F1200EF568}.Release|x86.Build.0 = Release|Any CPU
		{3E6814CB-3288-40D6-94C1-BA672B06BC02}.Debug|Any CPU.ActiveCfg = Debug|Any CPU
		{3E6814CB-3288-40D6-94C1-BA672B06BC02}.Debug|Any CPU.Build.0 = Debug|Any CPU
		{3E6814CB-3288-40D6-94C1-BA672B06BC02}.Debug|x64.ActiveCfg = Debug|Any CPU
		{3E6814CB-3288-40D6-94C1-BA672B06BC02}.Debug|x64.Build.0 = Debug|Any CPU
		{3E6814CB-3288-40D6-94C1-BA672B06BC02}.Debug|x86.ActiveCfg = Debug|Any CPU
		{3E6814CB-3288-40D6-94C1-BA672B06BC02}.Debug|x86.Build.0 = Debug|Any CPU
		{3E6814CB-3288-40D6-94C1-BA672B06BC02}.Release|Any CPU.ActiveCfg = Release|Any CPU
		{3E6814CB-3288-40D6-94C1-BA672B06BC02}.Release|Any CPU.Build.0 = Release|Any CPU
		{3E6814CB-3288-40D6-94C1-BA672B06BC02}.Release|x64.ActiveCfg = Release|Any CPU
		{3E6814CB-3288-40D6-94C1-BA672B06BC02}.Release|x64.Build.0 = Release|Any CPU
		{3E6814CB-3288-40D6-94C1-BA672B06BC02}.Release|x86.ActiveCfg = Release|Any CPU
		{3E6814CB-3288-40D6-94C1-BA672B06BC02}.Release|x86.Build.0 = Release|Any CPU
		{814DB43D-3FDE-4836-81B0-DD4FFAF0BEF0}.Debug|Any CPU.ActiveCfg = Debug|Any CPU
		{814DB43D-3FDE-4836-81B0-DD4FFAF0BEF0}.Debug|Any CPU.Build.0 = Debug|Any CPU
		{814DB43D-3FDE-4836-81B0-DD4FFAF0BEF0}.Debug|x64.ActiveCfg = Debug|Any CPU
		{814DB43D-3FDE-4836-81B0-DD4FFAF0BEF0}.Debug|x64.Build.0 = Debug|Any CPU
		{814DB43D-3FDE-4836-81B0-DD4FFAF0BEF0}.Debug|x86.ActiveCfg = Debug|Any CPU
		{814DB43D-3FDE-4836-81B0-DD4FFAF0BEF0}.Debug|x86.Build.0 = Debug|Any CPU
		{814DB43D-3FDE-4836-81B0-DD4FFAF0BEF0}.Release|Any CPU.ActiveCfg = Release|Any CPU
		{814DB43D-3FDE-4836-81B0-DD4FFAF0BEF0}.Release|Any CPU.Build.0 = Release|Any CPU
		{814DB43D-3FDE-4836-81B0-DD4FFAF0BEF0}.Release|x64.ActiveCfg = Release|Any CPU
		{814DB43D-3FDE-4836-81B0-DD4FFAF0BEF0}.Release|x64.Build.0 = Release|Any CPU
		{814DB43D-3FDE-4836-81B0-DD4FFAF0BEF0}.Release|x86.ActiveCfg = Release|Any CPU
		{814DB43D-3FDE-4836-81B0-DD4FFAF0BEF0}.Release|x86.Build.0 = Release|Any CPU
		{0851C2AE-69E6-4453-B4B0-0F285D9F81DB}.Debug|Any CPU.ActiveCfg = Debug|Any CPU
		{0851C2AE-69E6-4453-B4B0-0F285D9F81DB}.Debug|Any CPU.Build.0 = Debug|Any CPU
		{0851C2AE-69E6-4453-B4B0-0F285D9F81DB}.Debug|x64.ActiveCfg = Debug|Any CPU
		{0851C2AE-69E6-4453-B4B0-0F285D9F81DB}.Debug|x64.Build.0 = Debug|Any CPU
		{0851C2AE-69E6-4453-B4B0-0F285D9F81DB}.Debug|x86.ActiveCfg = Debug|Any CPU
		{0851C2AE-69E6-4453-B4B0-0F285D9F81DB}.Debug|x86.Build.0 = Debug|Any CPU
		{0851C2AE-69E6-4453-B4B0-0F285D9F81DB}.Release|Any CPU.ActiveCfg = Release|Any CPU
		{0851C2AE-69E6-4453-B4B0-0F285D9F81DB}.Release|Any CPU.Build.0 = Release|Any CPU
		{0851C2AE-69E6-4453-B4B0-0F285D9F81DB}.Release|x64.ActiveCfg = Release|Any CPU
		{0851C2AE-69E6-4453-B4B0-0F285D9F81DB}.Release|x64.Build.0 = Release|Any CPU
		{0851C2AE-69E6-4453-B4B0-0F285D9F81DB}.Release|x86.ActiveCfg = Release|Any CPU
		{0851C2AE-69E6-4453-B4B0-0F285D9F81DB}.Release|x86.Build.0 = Release|Any CPU
		{B275F020-6221-4FA1-B688-39CEAB81181C}.Debug|Any CPU.ActiveCfg = Debug|Any CPU
		{B275F020-6221-4FA1-B688-39CEAB81181C}.Debug|Any CPU.Build.0 = Debug|Any CPU
		{B275F020-6221-4FA1-B688-39CEAB81181C}.Debug|x64.ActiveCfg = Debug|Any CPU
		{B275F020-6221-4FA1-B688-39CEAB81181C}.Debug|x64.Build.0 = Debug|Any CPU
		{B275F020-6221-4FA1-B688-39CEAB81181C}.Debug|x86.ActiveCfg = Debug|Any CPU
		{B275F020-6221-4FA1-B688-39CEAB81181C}.Debug|x86.Build.0 = Debug|Any CPU
		{B275F020-6221-4FA1-B688-39CEAB81181C}.Release|Any CPU.ActiveCfg = Release|Any CPU
		{B275F020-6221-4FA1-B688-39CEAB81181C}.Release|Any CPU.Build.0 = Release|Any CPU
		{B275F020-6221-4FA1-B688-39CEAB81181C}.Release|x64.ActiveCfg = Release|Any CPU
		{B275F020-6221-4FA1-B688-39CEAB81181C}.Release|x64.Build.0 = Release|Any CPU
		{B275F020-6221-4FA1-B688-39CEAB81181C}.Release|x86.ActiveCfg = Release|Any CPU
		{B275F020-6221-4FA1-B688-39CEAB81181C}.Release|x86.Build.0 = Release|Any CPU
		{90C2430B-0391-4BF0-85C5-E33A752BF871}.Debug|Any CPU.ActiveCfg = Debug|Any CPU
		{90C2430B-0391-4BF0-85C5-E33A752BF871}.Debug|Any CPU.Build.0 = Debug|Any CPU
		{90C2430B-0391-4BF0-85C5-E33A752BF871}.Debug|x64.ActiveCfg = Debug|Any CPU
		{90C2430B-0391-4BF0-85C5-E33A752BF871}.Debug|x64.Build.0 = Debug|Any CPU
		{90C2430B-0391-4BF0-85C5-E33A752BF871}.Debug|x86.ActiveCfg = Debug|Any CPU
		{90C2430B-0391-4BF0-85C5-E33A752BF871}.Debug|x86.Build.0 = Debug|Any CPU
		{90C2430B-0391-4BF0-85C5-E33A752BF871}.Release|Any CPU.ActiveCfg = Release|Any CPU
		{90C2430B-0391-4BF0-85C5-E33A752BF871}.Release|Any CPU.Build.0 = Release|Any CPU
		{90C2430B-0391-4BF0-85C5-E33A752BF871}.Release|x64.ActiveCfg = Release|Any CPU
		{90C2430B-0391-4BF0-85C5-E33A752BF871}.Release|x64.Build.0 = Release|Any CPU
		{90C2430B-0391-4BF0-85C5-E33A752BF871}.Release|x86.ActiveCfg = Release|Any CPU
		{90C2430B-0391-4BF0-85C5-E33A752BF871}.Release|x86.Build.0 = Release|Any CPU
		{2CB1C15B-9852-49DF-A30A-1DB1F9C62A2F}.Debug|Any CPU.ActiveCfg = Debug|Any CPU
		{2CB1C15B-9852-49DF-A30A-1DB1F9C62A2F}.Debug|Any CPU.Build.0 = Debug|Any CPU
		{2CB1C15B-9852-49DF-A30A-1DB1F9C62A2F}.Debug|x64.ActiveCfg = Debug|Any CPU
		{2CB1C15B-9852-49DF-A30A-1DB1F9C62A2F}.Debug|x64.Build.0 = Debug|Any CPU
		{2CB1C15B-9852-49DF-A30A-1DB1F9C62A2F}.Debug|x86.ActiveCfg = Debug|Any CPU
		{2CB1C15B-9852-49DF-A30A-1DB1F9C62A2F}.Debug|x86.Build.0 = Debug|Any CPU
		{2CB1C15B-9852-49DF-A30A-1DB1F9C62A2F}.Release|Any CPU.ActiveCfg = Release|Any CPU
		{2CB1C15B-9852-49DF-A30A-1DB1F9C62A2F}.Release|Any CPU.Build.0 = Release|Any CPU
		{2CB1C15B-9852-49DF-A30A-1DB1F9C62A2F}.Release|x64.ActiveCfg = Release|Any CPU
		{2CB1C15B-9852-49DF-A30A-1DB1F9C62A2F}.Release|x64.Build.0 = Release|Any CPU
		{2CB1C15B-9852-49DF-A30A-1DB1F9C62A2F}.Release|x86.ActiveCfg = Release|Any CPU
		{2CB1C15B-9852-49DF-A30A-1DB1F9C62A2F}.Release|x86.Build.0 = Release|Any CPU
	EndGlobalSection
	GlobalSection(SolutionProperties) = preSolution
		HideSolutionNode = FALSE
	EndGlobalSection
	GlobalSection(ExtensibilityGlobals) = postSolution
		SolutionGuid = {81A7E678-7745-4B2C-9B1C-93A67361F9E5}
	EndGlobalSection
EndGlobal
